Microsoft Visual Studio Solution File, Format Version 12.00
# Visual Studio 2012
Project("{FAE04EC0-301F-11D3-BF4B-00C04F79EFBC}") = "XpfMapLesson4", "XpfMapLesson4\XpfMapLesson4.csproj", "{F65147CF-11BC-4299-90A6-587CEB18ED5B}"
EndProject
Project("{FAE04EC0-301F-11D3-BF4B-00C04F79EFBC}") = "XpfMapLesson4.Web", "XpfMapLesson4.Web\XpfMapLesson4.Web.csproj", "{4FE0A37A-38B9-4FC4-B43E-89896FC2D909}"
EndProject
Global
	GlobalSection(SolutionConfigurationPlatforms) = preSolution
		Debug|Any CPU = Debug|Any CPU
		Release|Any CPU = Release|Any CPU
	EndGlobalSection
	GlobalSection(ProjectConfigurationPlatforms) = postSolution
		{F65147CF-11BC-4299-90A6-587CEB18ED5B}.Debug|Any CPU.ActiveCfg = Debug|Any CPU
		{F65147CF-11BC-4299-90A6-587CEB18ED5B}.Debug|Any CPU.Build.0 = Debug|Any CPU
		{F65147CF-11BC-4299-90A6-587CEB18ED5B}.Release|Any CPU.ActiveCfg = Release|Any CPU
		{F65147CF-11BC-4299-90A6-587CEB18ED5B}.Release|Any CPU.Build.0 = Release|Any CPU
		{4FE0A37A-38B9-4FC4-B43E-89896FC2D909}.Debug|Any CPU.ActiveCfg = Debug|Any CPU
		{4FE0A37A-38B9-4FC4-B43E-89896FC2D909}.Debug|Any CPU.Build.0 = Debug|Any CPU
		{4FE0A37A-38B9-4FC4-B43E-89896FC2D909}.Release|Any CPU.ActiveCfg = Release|Any CPU
		{4FE0A37A-38B9-4FC4-B43E-89896FC2D909}.Release|Any CPU.Build.0 = Release|Any CPU
	EndGlobalSection
	GlobalSection(SolutionProperties) = preSolution
		HideSolutionNode = FALSE
	EndGlobalSection
EndGlobal
